// !$*UTF8*$!
{
	archiveVersion = 1;
	classes = {
	};
	objectVersion = 50;
	objects = {

/* Begin PBXBuildFile section */
		113C84752668A0F800C57300 /* AppDelegate.swift in Sources */ = {isa = PBXBuildFile; fileRef = 113C84742668A0F800C57300 /* AppDelegate.swift */; };
		113C84772668A0F800C57300 /* SceneDelegate.swift in Sources */ = {isa = PBXBuildFile; fileRef = 113C84762668A0F800C57300 /* SceneDelegate.swift */; };
		113C84792668A0F800C57300 /* ContentView.swift in Sources */ = {isa = PBXBuildFile; fileRef = 113C84782668A0F800C57300 /* ContentView.swift */; };
		113C847C2668A0F800C57300 /* AlefDevTest.xcdatamodeld in Sources */ = {isa = PBXBuildFile; fileRef = 113C847A2668A0F800C57300 /* AlefDevTest.xcdatamodeld */; };
		113C847E2668A0FA00C57300 /* Assets.xcassets in Resources */ = {isa = PBXBuildFile; fileRef = 113C847D2668A0FA00C57300 /* Assets.xcassets */; };
		113C84812668A0FA00C57300 /* Preview Assets.xcassets in Resources */ = {isa = PBXBuildFile; fileRef = 113C84802668A0FA00C57300 /* Preview Assets.xcassets */; };
		113C84842668A0FA00C57300 /* LaunchScreen.storyboard in Resources */ = {isa = PBXBuildFile; fileRef = 113C84822668A0FA00C57300 /* LaunchScreen.storyboard */; };
		113C848C2668BD4800C57300 /* ChildViewModel.swift in Sources */ = {isa = PBXBuildFile; fileRef = 113C848B2668BD4800C57300 /* ChildViewModel.swift */; };
		113C848E2668BE5100C57300 /* ChildOne.swift in Sources */ = {isa = PBXBuildFile; fileRef = 113C848D2668BE5100C57300 /* ChildOne.swift */; };
		113C84902668BFA900C57300 /* ChildPage.swift in Sources */ = {isa = PBXBuildFile; fileRef = 113C848F2668BFA900C57300 /* ChildPage.swift */; };
		113C84942668C0CD00C57300 /* ChildOneView.swift in Sources */ = {isa = PBXBuildFile; fileRef = 113C84932668C0CD00C57300 /* ChildOneView.swift */; };
		113C84962668D1DE00C57300 /* AboutYouUserDefaults.swift in Sources */ = {isa = PBXBuildFile; fileRef = 113C84952668D1DE00C57300 /* AboutYouUserDefaults.swift */; };
/* End PBXBuildFile section */

/* Begin PBXFileReference section */
		113C84712668A0F800C57300 /* AlefDevTest.app */ = {isa = PBXFileReference; explicitFileType = wrapper.application; includeInIndex = 0; path = AlefDevTest.app; sourceTree = BUILT_PRODUCTS_DIR; };
		113C84742668A0F800C57300 /* AppDelegate.swift */ = {isa = PBXFileReference; lastKnownFileType = sourcecode.swift; path = AppDelegate.swift; sourceTree = "<group>"; };
		113C84762668A0F800C57300 /* SceneDelegate.swift */ = {isa = PBXFileReference; lastKnownFileType = sourcecode.swift; path = SceneDelegate.swift; sourceTree = "<group>"; };
		113C84782668A0F800C57300 /* ContentView.swift */ = {isa = PBXFileReference; lastKnownFileType = sourcecode.swift; path = ContentView.swift; sourceTree = "<group>"; };
		113C847B2668A0F800C57300 /* AlefDevTest.xcdatamodel */ = {isa = PBXFileReference; lastKnownFileType = wrapper.xcdatamodel; path = AlefDevTest.xcdatamodel; sourceTree = "<group>"; };
		113C847D2668A0FA00C57300 /* Assets.xcassets */ = {isa = PBXFileReference; lastKnownFileType = folder.assetcatalog; path = Assets.xcassets; sourceTree = "<group>"; };
		113C84802668A0FA00C57300 /* Preview Assets.xcassets */ = {isa = PBXFileReference; lastKnownFileType = folder.assetcatalog; path = "Preview Assets.xcassets"; sourceTree = "<group>"; };
		113C84832668A0FA00C57300 /* Base */ = {isa = PBXFileReference; lastKnownFileType = file.storyboard; name = Base; path = Base.lproj/LaunchScreen.storyboard; sourceTree = "<group>"; };
		113C84852668A0FA00C57300 /* Info.plist */ = {isa = PBXFileReference; lastKnownFileType = text.plist.xml; path = Info.plist; sourceTree = "<group>"; };
		113C848B2668BD4800C57300 /* ChildViewModel.swift */ = {isa = PBXFileReference; lastKnownFileType = sourcecode.swift; path = ChildViewModel.swift; sourceTree = "<group>"; };
		113C848D2668BE5100C57300 /* ChildOne.swift */ = {isa = PBXFileReference; lastKnownFileType = sourcecode.swift; path = ChildOne.swift; sourceTree = "<group>"; };
		113C848F2668BFA900C57300 /* ChildPage.swift */ = {isa = PBXFileReference; lastKnownFileType = sourcecode.swift; path = ChildPage.swift; sourceTree = "<group>"; };
		113C84932668C0CD00C57300 /* ChildOneView.swift */ = {isa = PBXFileReference; lastKnownFileType = sourcecode.swift; path = ChildOneView.swift; sourceTree = "<group>"; };
		113C84952668D1DE00C57300 /* AboutYouUserDefaults.swift */ = {isa = PBXFileReference; lastKnownFileType = sourcecode.swift; path = AboutYouUserDefaults.swift; sourceTree = "<group>"; };
/* End PBXFileReference section */

/* Begin PBXFrameworksBuildPhase section */
		113C846E2668A0F800C57300 /* Frameworks */ = {
			isa = PBXFrameworksBuildPhase;
			buildActionMask = 2147483647;
			files = (
			);
			runOnlyForDeploymentPostprocessing = 0;
		};
/* End PBXFrameworksBuildPhase section */

/* Begin PBXGroup section */
		113C84682668A0F800C57300 = {
			isa = PBXGroup;
			children = (
				113C84732668A0F800C57300 /* AlefDevTest */,
				113C84722668A0F800C57300 /* Products */,
			);
			sourceTree = "<group>";
		};
		113C84722668A0F800C57300 /* Products */ = {
			isa = PBXGroup;
			children = (
				113C84712668A0F800C57300 /* AlefDevTest.app */,
			);
			name = Products;
			sourceTree = "<group>";
		};
		113C84732668A0F800C57300 /* AlefDevTest */ = {
			isa = PBXGroup;
			children = (
				113C84742668A0F800C57300 /* AppDelegate.swift */,
				113C84762668A0F800C57300 /* SceneDelegate.swift */,
				113C848B2668BD4800C57300 /* ChildViewModel.swift */,
				113C848D2668BE5100C57300 /* ChildOne.swift */,
				113C84932668C0CD00C57300 /* ChildOneView.swift */,
				113C848F2668BFA900C57300 /* ChildPage.swift */,
				113C84782668A0F800C57300 /* ContentView.swift */,
				113C84952668D1DE00C57300 /* AboutYouUserDefaults.swift */,
				113C847D2668A0FA00C57300 /* Assets.xcassets */,
				113C84822668A0FA00C57300 /* LaunchScreen.storyboard */,
				113C84852668A0FA00C57300 /* Info.plist */,
				113C847A2668A0F800C57300 /* AlefDevTest.xcdatamodeld */,
				113C847F2668A0FA00C57300 /* Preview Content */,
			);
			path = AlefDevTest;
			sourceTree = "<group>";
		};
		113C847F2668A0FA00C57300 /* Preview Content */ = {
			isa = PBXGroup;
			children = (
				113C84802668A0FA00C57300 /* Preview Assets.xcassets */,
			);
			path = "Preview Content";
			sourceTree = "<group>";
		};
/* End PBXGroup section */

/* Begin PBXNativeTarget section */
		113C84702668A0F800C57300 /* AlefDevTest */ = {
			isa = PBXNativeTarget;
			buildConfigurationList = 113C84882668A0FA00C57300 /* Build configuration list for PBXNativeTarget "AlefDevTest" */;
			buildPhases = (
				113C846D2668A0F800C57300 /* Sources */,
				113C846E2668A0F800C57300 /* Frameworks */,
				113C846F2668A0F800C57300 /* Resources */,
			);
			buildRules = (
			);
			dependencies = (
			);
			name = AlefDevTest;
			productName = AlefDevTest;
			productReference = 113C84712668A0F800C57300 /* AlefDevTest.app */;
			productType = "com.apple.product-type.application";
		};
/* End PBXNativeTarget section */

/* Begin PBXProject section */
		113C84692668A0F800C57300 /* Project object */ = {
			isa = PBXProject;
			attributes = {
				LastSwiftUpdateCheck = 1250;
				LastUpgradeCheck = 1250;
				TargetAttributes = {
					113C84702668A0F800C57300 = {
						CreatedOnToolsVersion = 12.5;
					};
				};
			};
			buildConfigurationList = 113C846C2668A0F800C57300 /* Build configuration list for PBXProject "AlefDevTest" */;
			compatibilityVersion = "Xcode 9.3";
			developmentRegion = en;
			hasScannedForEncodings = 0;
			knownRegions = (
				en,
				Base,
			);
			mainGroup = 113C84682668A0F800C57300;
			productRefGroup = 113C84722668A0F800C57300 /* Products */;
			projectDirPath = "";
			projectRoot = "";
			targets = (
				113C84702668A0F800C57300 /* AlefDevTest */,
			);
		};
/* End PBXProject section */

/* Begin PBXResourcesBuildPhase section */
		113C846F2668A0F800C57300 /* Resources */ = {
			isa = PBXResourcesBuildPhase;
			buildActionMask = 2147483647;
			files = (
				113C84842668A0FA00C57300 /* LaunchScreen.storyboard in Resources */,
				113C84812668A0FA00C57300 /* Preview Assets.xcassets in Resources */,
				113C847E2668A0FA00C57300 /* Assets.xcassets in Resources */,
			);
			runOnlyForDeploymentPostprocessing = 0;
		};
/* End PBXResourcesBuildPhase section */

/* Begin PBXSourcesBuildPhase section */
		113C846D2668A0F800C57300 /* Sources */ = {
			isa = PBXSourcesBuildPhase;
			buildActionMask = 2147483647;
			files = (
				113C84962668D1DE00C57300 /* AboutYouUserDefaults.swift in Sources */,
				113C84752668A0F800C57300 /* AppDelegate.swift in Sources */,
				113C84902668BFA900C57300 /* ChildPage.swift in Sources */,
				113C848C2668BD4800C57300 /* ChildViewModel.swift in Sources */,
				113C84772668A0F800C57300 /* SceneDelegate.swift in Sources */,
				113C84792668A0F800C57300 /* ContentView.swift in Sources */,
				113C847C2668A0F800C57300 /* AlefDevTest.xcdatamodeld in Sources */,
				113C84942668C0CD00C57300 /* ChildOneView.swift in Sources */,
				113C848E2668BE5100C57300 /* ChildOne.swift in Sources */,
			);
			runOnlyForDeploymentPostprocessing = 0;
		};
/* End PBXSourcesBuildPhase section */

/* Begin PBXVariantGroup section */
		113C84822668A0FA00C57300 /* LaunchScreen.storyboard */ = {
			isa = PBXVariantGroup;
			children = (
				113C84832668A0FA00C57300 /* Base */,
			);
			name = LaunchScreen.storyboard;
			sourceTree = "<group>";
		};
/* End PBXVariantGroup section */

/* Begin XCBuildConfiguration section */
		113C84862668A0FA00C57300 /* Debug */ = {
			isa = XCBuildConfiguration;
			buildSettings = {
				ALWAYS_SEARCH_USER_PATHS = NO;
				CLANG_ANALYZER_NONNULL = YES;
				CLANG_ANALYZER_NUMBER_OBJECT_CONVERSION = YES_AGGRESSIVE;
				CLANG_CXX_LANGUAGE_STANDARD = "gnu++14";
				CLANG_CXX_LIBRARY = "libc++";
				CLANG_ENABLE_MODULES = YES;
				CLANG_ENABLE_OBJC_ARC = YES;
				CLANG_ENABLE_OBJC_WEAK = YES;
				CLANG_WARN_BLOCK_CAPTURE_AUTORELEASING = YES;
				CLANG_WARN_BOOL_CONVERSION = YES;
				CLANG_WARN_COMMA = YES;
				CLANG_WARN_CONSTANT_CONVERSION = YES;
				CLANG_WARN_DEPRECATED_OBJC_IMPLEMENTATIONS = YES;
				CLANG_WARN_DIRECT_OBJC_ISA_USAGE = YES_ERROR;
				CLANG_WARN_DOCUMENTATION_COMMENTS = YES;
				CLANG_WARN_EMPTY_BODY = YES;
				CLANG_WARN_ENUM_CONVERSION = YES;
				CLANG_WARN_INFINITE_RECURSION = YES;
				CLANG_WARN_INT_CONVERSION = YES;
				CLANG_WARN_NON_LITERAL_NULL_CONVERSION = YES;
				CLANG_WARN_OBJC_IMPLICIT_RETAIN_SELF = YES;
				CLANG_WARN_OBJC_LITERAL_CONVERSION = YES;
				CLANG_WARN_OBJC_ROOT_CLASS = YES_ERROR;
				CLANG_WARN_QUOTED_INCLUDE_IN_FRAMEWORK_HEADER = YES;
				CLANG_WARN_RANGE_LOOP_ANALYSIS = YES;
				CLANG_WARN_STRICT_PROTOTYPES = YES;
				CLANG_WARN_SUSPICIOUS_MOVE = YES;
				CLANG_WARN_UNGUARDED_AVAILABILITY = YES_AGGRESSIVE;
				CLANG_WARN_UNREACHABLE_CODE = YES;
				CLANG_WARN__DUPLICATE_METHOD_MATCH = YES;
				COPY_PHASE_STRIP = NO;
				DEBUG_INFORMATION_FORMAT = dwarf;
				ENABLE_STRICT_OBJC_MSGSEND = YES;
				ENABLE_TESTABILITY = YES;
				GCC_C_LANGUAGE_STANDARD = gnu11;
				GCC_DYNAMIC_NO_PIC = NO;
				GCC_NO_COMMON_BLOCKS = YES;
				GCC_OPTIMIZATION_LEVEL = 0;
				GCC_PREPROCESSOR_DEFINITIONS = (
					"DEBUG=1",
					"$(inherited)",
				);
				GCC_WARN_64_TO_32_BIT_CONVERSION = YES;
				GCC_WARN_ABOUT_RETURN_TYPE = YES_ERROR;
				GCC_WARN_UNDECLARED_SELECTOR = YES;
				GCC_WARN_UNINITIALIZED_AUTOS = YES_AGGRESSIVE;
				GCC_WARN_UNUSED_FUNCTION = YES;
				GCC_WARN_UNUSED_VARIABLE = YES;
				IPHONEOS_DEPLOYMENT_TARGET = 14.5;
				MTL_ENABLE_DEBUG_INFO = INCLUDE_SOURCE;
				MTL_FAST_MATH = YES;
				ONLY_ACTIVE_ARCH = YES;
				SDKROOT = iphoneos;
				SWIFT_ACTIVE_COMPILATION_CONDITIONS = DEBUG;
				SWIFT_OPTIMIZATION_LEVEL = "-Onone";
			};
			name = Debug;
		};
		113C84872668A0FA00C57300 /* Release */ = {
			isa = XCBuildConfiguration;
			buildSettings = {
				ALWAYS_SEARCH_USER_PATHS = NO;
				CLANG_ANALYZER_NONNULL = YES;
				CLANG_ANALYZER_NUMBER_OBJECT_CONVERSION = YES_AGGRESSIVE;
				CLANG_CXX_LANGUAGE_STANDARD = "gnu++14";
				CLANG_CXX_LIBRARY = "libc++";
				CLANG_ENABLE_MODULES = YES;
				CLANG_ENABLE_OBJC_ARC = YES;
				CLANG_ENABLE_OBJC_WEAK = YES;
				CLANG_WARN_BLOCK_CAPTURE_AUTORELEASING = YES;
				CLANG_WARN_BOOL_CONVERSION = YES;
				CLANG_WARN_COMMA = YES;
				CLANG_WARN_CONSTANT_CONVERSION = YES;
				CLANG_WARN_DEPRECATED_OBJC_IMPLEMENTATIONS = YES;
				CLANG_WARN_DIRECT_OBJC_ISA_USAGE = YES_ERROR;
				CLANG_WARN_DOCUMENTATION_COMMENTS = YES;
				CLANG_WARN_EMPTY_BODY = YES;
				CLANG_WARN_ENUM_CONVERSION = YES;
				CLANG_WARN_INFINITE_RECURSION = YES;
				CLANG_WARN_INT_CONVERSION = YES;
				CLANG_WARN_NON_LITERAL_NULL_CONVERSION = YES;
				CLANG_WARN_OBJC_IMPLICIT_RETAIN_SELF = YES;
				CLANG_WARN_OBJC_LITERAL_CONVERSION = YES;
				CLANG_WARN_OBJC_ROOT_CLASS = YES_ERROR;
				CLANG_WARN_QUOTED_INCLUDE_IN_FRAMEWORK_HEADER = YES;
				CLANG_WARN_RANGE_LOOP_ANALYSIS = YES;
				CLANG_WARN_STRICT_PROTOTYPES = YES;
				CLANG_WARN_SUSPICIOUS_MOVE = YES;
				CLANG_WARN_UNGUARDED_AVAILABILITY = YES_AGGRESSIVE;
				CLANG_WARN_UNREACHABLE_CODE = YES;
				CLANG_WARN__DUPLICATE_METHOD_MATCH = YES;
				COPY_PHASE_STRIP = NO;
				DEBUG_INFORMATION_FORMAT = "dwarf-with-dsym";
				ENABLE_NS_ASSERTIONS = NO;
				ENABLE_STRICT_OBJC_MSGSEND = YES;
				GCC_C_LANGUAGE_STANDARD = gnu11;
				GCC_NO_COMMON_BLOCKS = YES;
				GCC_WARN_64_TO_32_BIT_CONVERSION = YES;
				GCC_WARN_ABOUT_RETURN_TYPE = YES_ERROR;
				GCC_WARN_UNDECLARED_SELECTOR = YES;
				GCC_WARN_UNINITIALIZED_AUTOS = YES_AGGRESSIVE;
				GCC_WARN_UNUSED_FUNCTION = YES;
				GCC_WARN_UNUSED_VARIABLE = YES;
				IPHONEOS_DEPLOYMENT_TARGET = 14.5;
				MTL_ENABLE_DEBUG_INFO = NO;
				MTL_FAST_MATH = YES;
				SDKROOT = iphoneos;
				SWIFT_COMPILATION_MODE = wholemodule;
				SWIFT_OPTIMIZATION_LEVEL = "-O";
				VALIDATE_PRODUCT = YES;
			};
			name = Release;
		};
		113C84892668A0FA00C57300 /* Debug */ = {
			isa = XCBuildConfiguration;
			buildSettings = {
				ASSETCATALOG_COMPILER_APPICON_NAME = AppIcon;
				ASSETCATALOG_COMPILER_GLOBAL_ACCENT_COLOR_NAME = AccentColor;
				CODE_SIGN_STYLE = Automatic;
				DEVELOPMENT_ASSET_PATHS = "\"AlefDevTest/Preview Content\"";
				DEVELOPMENT_TEAM = 54XW3W8LM4;
				ENABLE_PREVIEWS = YES;
				INFOPLIST_FILE = AlefDevTest/Info.plist;
				LD_RUNPATH_SEARCH_PATHS = (
					"$(inherited)",
					"@executable_path/Frameworks",
				);
				PRODUCT_BUNDLE_IDENTIFIER = sjoesies.AlefDevTest;
				PRODUCT_NAME = "$(TARGET_NAME)";
				SWIFT_VERSION = 5.0;
				TARGETED_DEVICE_FAMILY = "1,2";
			};
			name = Debug;
		};
		113C848A2668A0FA00C57300 /* Release */ = {
			isa = XCBuildConfiguration;
			buildSettings = {
				ASSETCATALOG_COMPILER_APPICON_NAME = AppIcon;
				ASSETCATALOG_COMPILER_GLOBAL_ACCENT_COLOR_NAME = AccentColor;
				CODE_SIGN_STYLE = Automatic;
				DEVELOPMENT_ASSET_PATHS = "\"AlefDevTest/Preview Content\"";
				DEVELOPMENT_TEAM = 54XW3W8LM4;
				ENABLE_PREVIEWS = YES;
				INFOPLIST_FILE = AlefDevTest/Info.plist;
				LD_RUNPATH_SEARCH_PATHS = (
					"$(inherited)",
					"@executable_path/Frameworks",
				);
				PRODUCT_BUNDLE_IDENTIFIER = sjoesies.AlefDevTest;
				PRODUCT_NAME = "$(TARGET_NAME)";
				SWIFT_VERSION = 5.0;
				TARGETED_DEVICE_FAMILY = "1,2";
			};
			name = Release;
		};
/* End XCBuildConfiguration section */

/* Begin XCConfigurationList section */
		113C846C2668A0F800C57300 /* Build configuration list for PBXProject "AlefDevTest" */ = {
			isa = XCConfigurationList;
			buildConfigurations = (
				113C84862668A0FA00C57300 /* Debug */,
				113C84872668A0FA00C57300 /* Release */,
			);
			defaultConfigurationIsVisible = 0;
			defaultConfigurationName = Release;
		};
		113C84882668A0FA00C57300 /* Build configuration list for PBXNativeTarget "AlefDevTest" */ = {
			isa = XCConfigurationList;
			buildConfigurations = (
				113C84892668A0FA00C57300 /* Debug */,
				113C848A2668A0FA00C57300 /* Release */,
			);
			defaultConfigurationIsVisible = 0;
			defaultConfigurationName = Release;
		};
/* End XCConfigurationList section */

/* Begin XCVersionGroup section */
		113C847A2668A0F800C57300 /* AlefDevTest.xcdatamodeld */ = {
			isa = XCVersionGroup;
			children = (
				113C847B2668A0F800C57300 /* AlefDevTest.xcdatamodel */,
			);
			currentVersion = 113C847B2668A0F800C57300 /* AlefDevTest.xcdatamodel */;
			path = AlefDevTest.xcdatamodeld;
			sourceTree = "<group>";
			versionGroupType = wrapper.xcdatamodel;
		};
/* End XCVersionGroup section */
	};
	rootObject = 113C84692668A0F800C57300 /* Project object */;
}
